
Microsoft Visual Studio Solution File, Format Version 12.00
# Visual Studio Version 17
VisualStudioVersion = 17.1.32210.238
MinimumVisualStudioVersion = 10.0.40219.1
Project("{9A19103F-16F7-4668-BE54-9A1E7A4F7556}") = "Widgets.MVP", "HiDesktop\Widgets.MVP.csproj", "{A5AAA8DD-5B08-4FDA-9691-C510BA136932}"
EndProject
Project("{9A19103F-16F7-4668-BE54-9A1E7A4F7556}") = "ScreenProtect.MVP", "HiScreenProtect\ScreenProtect.MVP.csproj", "{5B88B3C5-5A2C-4BEF-AC8E-C12D83A82ED1}"
EndProject
Project("{9A19103F-16F7-4668-BE54-9A1E7A4F7556}") = "ScreenProtect.Ultra", "ScreenProtect.Ultra\ScreenProtect.Ultra.csproj", "{AF601F25-0976-4D8D-8D77-C265BBCC7C29}"
EndProject
Project("{2150E333-8FDC-42A3-9474-1A3956D46DE8}") = "解决方案项", "解决方案项", "{4145F729-112F-4A7E-ADE7-230703BEAC09}"
	ProjectSection(SolutionItems) = preProject
		NOTICE.txt = NOTICE.txt
		UpdateLog.txt = UpdateLog.txt
	EndProjectSection
EndProject
Project("{9A19103F-16F7-4668-BE54-9A1E7A4F7556}") = "Widgets.BootHelper", "Widgets.BootHelper\Widgets.BootHelper.csproj", "{3F466E4E-B752-400A-A5E2-F71BBBD69356}"
EndProject
Project("{2150E333-8FDC-42A3-9474-1A3956D46DE8}") = "Solution Items", "Solution Items", "{E8832AA8-6359-43BE-A7F6-DC665C14C5E8}"
	ProjectSection(SolutionItems) = preProject
		.editorconfig = .editorconfig
	EndProjectSection
EndProject
Project("{9A19103F-16F7-4668-BE54-9A1E7A4F7556}") = "HiServiceProvider", "HiServiceProvider\HiServiceProvider.csproj", "{AE5CD262-F99A-4B82-976D-10A780F7E57D}"
EndProject
Project("{FAE04EC0-301F-11D3-BF4B-00C04F79EFBC}") = "Widgets.TestConsole", "Widgets.TestConsole\Widgets.TestConsole.csproj", "{0279C66A-9688-44C5-92EE-18591A58EB27}"
EndProject
Global
	GlobalSection(SolutionConfigurationPlatforms) = preSolution
		Debug|Any CPU = Debug|Any CPU
		Release|Any CPU = Release|Any CPU
	EndGlobalSection
	GlobalSection(ProjectConfigurationPlatforms) = postSolution
		{A5AAA8DD-5B08-4FDA-9691-C510BA136932}.Debug|Any CPU.ActiveCfg = Debug|Any CPU
		{A5AAA8DD-5B08-4FDA-9691-C510BA136932}.Debug|Any CPU.Build.0 = Debug|Any CPU
		{A5AAA8DD-5B08-4FDA-9691-C510BA136932}.Release|Any CPU.ActiveCfg = Release|Any CPU
		{A5AAA8DD-5B08-4FDA-9691-C510BA136932}.Release|Any CPU.Build.0 = Release|Any CPU
		{5B88B3C5-5A2C-4BEF-AC8E-C12D83A82ED1}.Debug|Any CPU.ActiveCfg = Debug|Any CPU
		{5B88B3C5-5A2C-4BEF-AC8E-C12D83A82ED1}.Debug|Any CPU.Build.0 = Debug|Any CPU
		{5B88B3C5-5A2C-4BEF-AC8E-C12D83A82ED1}.Release|Any CPU.ActiveCfg = Release|Any CPU
		{5B88B3C5-5A2C-4BEF-AC8E-C12D83A82ED1}.Release|Any CPU.Build.0 = Release|Any CPU
		{AF601F25-0976-4D8D-8D77-C265BBCC7C29}.Debug|Any CPU.ActiveCfg = Debug|Any CPU
		{AF601F25-0976-4D8D-8D77-C265BBCC7C29}.Debug|Any CPU.Build.0 = Debug|Any CPU
		{AF601F25-0976-4D8D-8D77-C265BBCC7C29}.Release|Any CPU.ActiveCfg = Release|Any CPU
		{AF601F25-0976-4D8D-8D77-C265BBCC7C29}.Release|Any CPU.Build.0 = Release|Any CPU
		{3F466E4E-B752-400A-A5E2-F71BBBD69356}.Debug|Any CPU.ActiveCfg = Debug|Any CPU
		{3F466E4E-B752-400A-A5E2-F71BBBD69356}.Debug|Any CPU.Build.0 = Debug|Any CPU
		{3F466E4E-B752-400A-A5E2-F71BBBD69356}.Release|Any CPU.ActiveCfg = Release|Any CPU
		{3F466E4E-B752-400A-A5E2-F71BBBD69356}.Release|Any CPU.Build.0 = Release|Any CPU
		{AE5CD262-F99A-4B82-976D-10A780F7E57D}.Debug|Any CPU.ActiveCfg = Debug|Any CPU
		{AE5CD262-F99A-4B82-976D-10A780F7E57D}.Debug|Any CPU.Build.0 = Debug|Any CPU
		{AE5CD262-F99A-4B82-976D-10A780F7E57D}.Release|Any CPU.ActiveCfg = Release|Any CPU
		{AE5CD262-F99A-4B82-976D-10A780F7E57D}.Release|Any CPU.Build.0 = Release|Any CPU
		{0279C66A-9688-44C5-92EE-18591A58EB27}.Debug|Any CPU.ActiveCfg = Debug|Any CPU
		{0279C66A-9688-44C5-92EE-18591A58EB27}.Debug|Any CPU.Build.0 = Debug|Any CPU
		{0279C66A-9688-44C5-92EE-18591A58EB27}.Release|Any CPU.ActiveCfg = Release|Any CPU
		{0279C66A-9688-44C5-92EE-18591A58EB27}.Release|Any CPU.Build.0 = Release|Any CPU
	EndGlobalSection
	GlobalSection(SolutionProperties) = preSolution
		HideSolutionNode = FALSE
	EndGlobalSection
	GlobalSection(ExtensibilityGlobals) = postSolution
		SolutionGuid = {FD9F29BB-8094-47B2-BC6B-6A09811A045F}
	EndGlobalSection
EndGlobal
