
Microsoft Visual Studio Solution File, Format Version 12.00
# Visual Studio Version 17
VisualStudioVersion = 17.1.32210.238
MinimumVisualStudioVersion = 10.0.40219.1
Project("{9A19103F-16F7-4668-BE54-9A1E7A4F7556}") = "Widgets.MVP", "HiDesktop\Widgets.MVP.csproj", "{A5AAA8DD-5B08-4FDA-9691-C510BA136932}"
EndProject
Project("{9A19103F-16F7-4668-BE54-9A1E7A4F7556}") = "ScreenProtect.MVP", "HiScreenProtect\ScreenProtect.MVP.csproj", "{5B88B3C5-5A2C-4BEF-AC8E-C12D83A82ED1}"
EndProject
Project("{9A19103F-16F7-4668-BE54-9A1E7A4F7556}") = "ScreenProtect.Ultra", "ScreenProtect.Ultra\ScreenProtect.Ultra.csproj", "{AF601F25-0976-4D8D-8D77-C265BBCC7C29}"
EndProject
Project("{2150E333-8FDC-42A3-9474-1A3956D46DE8}") = "解决方案项", "解决方案项", "{4145F729-112F-4A7E-ADE7-230703BEAC09}"
	ProjectSection(SolutionItems) = preProject
		NOTICE.txt = NOTICE.txt
		UpdateLog.txt = UpdateLog.txt
	EndProjectSection
EndProject
Project("{2150E333-8FDC-42A3-9474-1A3956D46DE8}") = "Images", "Images", "{2EEEB357-5317-4EE3-B4D8-B56125A85956}"
	ProjectSection(SolutionItems) = preProject
		..\..\..\Pictures\HiDesktopBar.png = ..\..\..\Pictures\HiDesktopBar.png
		..\..\..\Pictures\HiDesktopBar.psd = ..\..\..\Pictures\HiDesktopBar.psd
		..\..\..\Pictures\HiDesktopLogo.png = ..\..\..\Pictures\HiDesktopLogo.png
		..\..\..\Pictures\HiDesktopLogo.psd = ..\..\..\Pictures\HiDesktopLogo.psd
		..\..\..\Pictures\HiDesktopLogoUltra.png = ..\..\..\Pictures\HiDesktopLogoUltra.png
	EndProjectSection
EndProject
Global
	GlobalSection(SolutionConfigurationPlatforms) = preSolution
		Debug|Any CPU = Debug|Any CPU
		Release|Any CPU = Release|Any CPU
	EndGlobalSection
	GlobalSection(ProjectConfigurationPlatforms) = postSolution
		{A5AAA8DD-5B08-4FDA-9691-C510BA136932}.Debug|Any CPU.ActiveCfg = Debug|Any CPU
		{A5AAA8DD-5B08-4FDA-9691-C510BA136932}.Debug|Any CPU.Build.0 = Debug|Any CPU
		{A5AAA8DD-5B08-4FDA-9691-C510BA136932}.Release|Any CPU.ActiveCfg = Release|Any CPU
		{A5AAA8DD-5B08-4FDA-9691-C510BA136932}.Release|Any CPU.Build.0 = Release|Any CPU
		{5B88B3C5-5A2C-4BEF-AC8E-C12D83A82ED1}.Debug|Any CPU.ActiveCfg = Debug|Any CPU
		{5B88B3C5-5A2C-4BEF-AC8E-C12D83A82ED1}.Debug|Any CPU.Build.0 = Debug|Any CPU
		{5B88B3C5-5A2C-4BEF-AC8E-C12D83A82ED1}.Release|Any CPU.ActiveCfg = Release|Any CPU
		{5B88B3C5-5A2C-4BEF-AC8E-C12D83A82ED1}.Release|Any CPU.Build.0 = Release|Any CPU
		{AF601F25-0976-4D8D-8D77-C265BBCC7C29}.Debug|Any CPU.ActiveCfg = Debug|Any CPU
		{AF601F25-0976-4D8D-8D77-C265BBCC7C29}.Debug|Any CPU.Build.0 = Debug|Any CPU
		{AF601F25-0976-4D8D-8D77-C265BBCC7C29}.Release|Any CPU.ActiveCfg = Release|Any CPU
		{AF601F25-0976-4D8D-8D77-C265BBCC7C29}.Release|Any CPU.Build.0 = Release|Any CPU
	EndGlobalSection
	GlobalSection(SolutionProperties) = preSolution
		HideSolutionNode = FALSE
	EndGlobalSection
	GlobalSection(ExtensibilityGlobals) = postSolution
		SolutionGuid = {FD9F29BB-8094-47B2-BC6B-6A09811A045F}
	EndGlobalSection
EndGlobal
